// !$*UTF8*$!
{
	archiveVersion = 1;
	classes = {
	};
	objectVersion = 48;
	objects = {

/* Begin PBXBuildFile section */
		8E2C06651FCFAA18006143FB /* InitialSelectionViewController.swift in Sources */ = {isa = PBXBuildFile; fileRef = 8E2C06641FCFAA18006143FB /* InitialSelectionViewController.swift */; };
		8E447AB71FD15DBA00DFCF8C /* AddNewBoard.storyboard in Resources */ = {isa = PBXBuildFile; fileRef = 8E447AB61FD15DBA00DFCF8C /* AddNewBoard.storyboard */; };
		8E447AB91FD17E6600DFCF8C /* BoardTableViewCell.swift in Sources */ = {isa = PBXBuildFile; fileRef = 8E447AB81FD17E6600DFCF8C /* BoardTableViewCell.swift */; };
		8E447ABB1FD1926900DFCF8C /* Board.swift in Sources */ = {isa = PBXBuildFile; fileRef = 8E447ABA1FD1926900DFCF8C /* Board.swift */; };
		8E447ABD1FD1A87D00DFCF8C /* AddNewBoardViewController.swift in Sources */ = {isa = PBXBuildFile; fileRef = 8E447ABC1FD1A87D00DFCF8C /* AddNewBoardViewController.swift */; };
		8EE487DF1FCD14A60091B825 /* CreateRoomViewController.swift in Sources */ = {isa = PBXBuildFile; fileRef = 8EE487DE1FCD14A60091B825 /* CreateRoomViewController.swift */; };
		8EE487E11FCDB4C10091B825 /* MyTimer.swift in Sources */ = {isa = PBXBuildFile; fileRef = 8EE487E01FCDB4C10091B825 /* MyTimer.swift */; };
		8EE487E51FCDB5A90091B825 /* BoardListViewController.swift in Sources */ = {isa = PBXBuildFile; fileRef = 8EE487E41FCDB5A90091B825 /* BoardListViewController.swift */; };
		B743377B1FD532EF006C64EC /* CreateRoom.storyboard in Resources */ = {isa = PBXBuildFile; fileRef = B74337791FD532EE006C64EC /* CreateRoom.storyboard */; };
		B743377C1FD532EF006C64EC /* Home.storyboard in Resources */ = {isa = PBXBuildFile; fileRef = B743377A1FD532EF006C64EC /* Home.storyboard */; };
		B79101DF1FCD3C88003772B3 /* ConnectionModel.swift in Sources */ = {isa = PBXBuildFile; fileRef = B79101DE1FCD3C88003772B3 /* ConnectionModel.swift */; };
		B79101E81FCD485D003772B3 /* RoomListController.swift in Sources */ = {isa = PBXBuildFile; fileRef = B79101E71FCD485D003772B3 /* RoomListController.swift */; };
		B791020A1FCE87C7003772B3 /* MiscFunctions.swift in Sources */ = {isa = PBXBuildFile; fileRef = B79102091FCE87C7003772B3 /* MiscFunctions.swift */; };
		B791020E1FCEACD4003772B3 /* GrouffeeTimer.swift in Sources */ = {isa = PBXBuildFile; fileRef = B791020D1FCEACD4003772B3 /* GrouffeeTimer.swift */; };
		B79102101FCF9525003772B3 /* UserModel.swift in Sources */ = {isa = PBXBuildFile; fileRef = B791020F1FCF9525003772B3 /* UserModel.swift */; };
		B79102121FCF9562003772B3 /* BoardModel.swift in Sources */ = {isa = PBXBuildFile; fileRef = B79102111FCF9562003772B3 /* BoardModel.swift */; };
		B79102141FCF956F003772B3 /* RoomModel.swift in Sources */ = {isa = PBXBuildFile; fileRef = B79102131FCF956F003772B3 /* RoomModel.swift */; };
		B79102341FD453C3003772B3 /* SessionModel.swift in Sources */ = {isa = PBXBuildFile; fileRef = B79102331FD453C3003772B3 /* SessionModel.swift */; };
		B76017171FD5F492003CFC93 /* Lato-ThinItalic.ttf in Resources */ = {isa = PBXBuildFile; fileRef = B76017041FD5F48F003CFC93 /* Lato-ThinItalic.ttf */; };
		B76017181FD5F492003CFC93 /* Lato-Italic.ttf in Resources */ = {isa = PBXBuildFile; fileRef = B76017051FD5F48F003CFC93 /* Lato-Italic.ttf */; };
		B76017191FD5F492003CFC93 /* Lato-Light.ttf in Resources */ = {isa = PBXBuildFile; fileRef = B76017061FD5F490003CFC93 /* Lato-Light.ttf */; };
		B760171A1FD5F492003CFC93 /* Lato-LightItalic.ttf in Resources */ = {isa = PBXBuildFile; fileRef = B76017071FD5F490003CFC93 /* Lato-LightItalic.ttf */; };
		B760171B1FD5F492003CFC93 /* Lato-Thin.ttf in Resources */ = {isa = PBXBuildFile; fileRef = B76017081FD5F490003CFC93 /* Lato-Thin.ttf */; };
		B760171C1FD5F492003CFC93 /* Lato-Hairline.ttf in Resources */ = {isa = PBXBuildFile; fileRef = B76017091FD5F490003CFC93 /* Lato-Hairline.ttf */; };
		B760171D1FD5F492003CFC93 /* Lato-HeavyItalic.ttf in Resources */ = {isa = PBXBuildFile; fileRef = B760170A1FD5F490003CFC93 /* Lato-HeavyItalic.ttf */; };
		B760171E1FD5F492003CFC93 /* Lato-SemiboldItalic.ttf in Resources */ = {isa = PBXBuildFile; fileRef = B760170B1FD5F490003CFC93 /* Lato-SemiboldItalic.ttf */; };
		B760171F1FD5F492003CFC93 /* Lato-HairlineItalic.ttf in Resources */ = {isa = PBXBuildFile; fileRef = B760170C1FD5F490003CFC93 /* Lato-HairlineItalic.ttf */; };
		B76017201FD5F492003CFC93 /* Lato-Heavy.ttf in Resources */ = {isa = PBXBuildFile; fileRef = B760170D1FD5F491003CFC93 /* Lato-Heavy.ttf */; };
		B76017211FD5F492003CFC93 /* Lato-Semibold.ttf in Resources */ = {isa = PBXBuildFile; fileRef = B760170E1FD5F491003CFC93 /* Lato-Semibold.ttf */; };
		B76017221FD5F492003CFC93 /* Lato-Medium.ttf in Resources */ = {isa = PBXBuildFile; fileRef = B760170F1FD5F491003CFC93 /* Lato-Medium.ttf */; };
		B76017231FD5F492003CFC93 /* Lato-Bold.ttf in Resources */ = {isa = PBXBuildFile; fileRef = B76017101FD5F491003CFC93 /* Lato-Bold.ttf */; };
		B76017241FD5F492003CFC93 /* Lato-BlackItalic.ttf in Resources */ = {isa = PBXBuildFile; fileRef = B76017111FD5F491003CFC93 /* Lato-BlackItalic.ttf */; };
		B76017251FD5F492003CFC93 /* Lato-MediumItalic.ttf in Resources */ = {isa = PBXBuildFile; fileRef = B76017121FD5F491003CFC93 /* Lato-MediumItalic.ttf */; };
		B76017261FD5F492003CFC93 /* Lato-Black.ttf in Resources */ = {isa = PBXBuildFile; fileRef = B76017131FD5F491003CFC93 /* Lato-Black.ttf */; };
		B76017271FD5F492003CFC93 /* Lato-Regular.ttf in Resources */ = {isa = PBXBuildFile; fileRef = B76017141FD5F492003CFC93 /* Lato-Regular.ttf */; };
		B76017281FD5F492003CFC93 /* Lato-BoldItalic.ttf in Resources */ = {isa = PBXBuildFile; fileRef = B76017151FD5F492003CFC93 /* Lato-BoldItalic.ttf */; };
		B760172E1FD5F65B003CFC93 /* BoardList.storyboard in Resources */ = {isa = PBXBuildFile; fileRef = B760172D1FD5F65B003CFC93 /* BoardList.storyboard */; };
		B76017311FD5F6FF003CFC93 /* CreateRoom.storyboard in Resources */ = {isa = PBXBuildFile; fileRef = B760172F1FD5F6FF003CFC93 /* CreateRoom.storyboard */; };
		B76017321FD5F6FF003CFC93 /* Home.storyboard in Resources */ = {isa = PBXBuildFile; fileRef = B76017301FD5F6FF003CFC93 /* Home.storyboard */; };
		B7B57DD01FC815DF008B4C9D /* AppDelegate.swift in Sources */ = {isa = PBXBuildFile; fileRef = B7B57DCF1FC815DF008B4C9D /* AppDelegate.swift */; };
		B7B57DD21FC815DF008B4C9D /* ViewController.swift in Sources */ = {isa = PBXBuildFile; fileRef = B7B57DD11FC815DF008B4C9D /* ViewController.swift */; };
		B7B57DD71FC815DF008B4C9D /* Assets.xcassets in Resources */ = {isa = PBXBuildFile; fileRef = B7B57DD61FC815DF008B4C9D /* Assets.xcassets */; };
		B7F8F9111FD535FD005C2453 /* InitialSelection.storyboard in Resources */ = {isa = PBXBuildFile; fileRef = B791020B1FCEA414003772B3 /* InitialSelection.storyboard */; };
		B7F8F9121FD5360A005C2453 /* Main.storyboard in Resources */ = {isa = PBXBuildFile; fileRef = B7B57DD31FC815DF008B4C9D /* Main.storyboard */; };
		B7F8F9131FD53611005C2453 /* LaunchScreen.storyboard in Resources */ = {isa = PBXBuildFile; fileRef = B7B57DD81FC815DF008B4C9D /* LaunchScreen.storyboard */; };
		B7F9FB901FCCFBFF0002C3C0 /* HomeViewController.swift in Sources */ = {isa = PBXBuildFile; fileRef = B7F9FB8F1FCCFBFF0002C3C0 /* HomeViewController.swift */; };
		B7F9FB9C1FCD0C920002C3C0 /* RoomList.storyboard in Resources */ = {isa = PBXBuildFile; fileRef = B7F9FB9B1FCD0C920002C3C0 /* RoomList.storyboard */; };
/* End PBXBuildFile section */

/* Begin PBXFileReference section */
		8E2C06641FCFAA18006143FB /* InitialSelectionViewController.swift */ = {isa = PBXFileReference; lastKnownFileType = sourcecode.swift; path = InitialSelectionViewController.swift; sourceTree = "<group>"; };
		8E447AB61FD15DBA00DFCF8C /* AddNewBoard.storyboard */ = {isa = PBXFileReference; lastKnownFileType = file.storyboard; path = AddNewBoard.storyboard; sourceTree = "<group>"; };
		8E447AB81FD17E6600DFCF8C /* BoardTableViewCell.swift */ = {isa = PBXFileReference; lastKnownFileType = sourcecode.swift; path = BoardTableViewCell.swift; sourceTree = "<group>"; };
		8E447ABA1FD1926900DFCF8C /* Board.swift */ = {isa = PBXFileReference; lastKnownFileType = sourcecode.swift; path = Board.swift; sourceTree = "<group>"; };
		8E447ABC1FD1A87D00DFCF8C /* AddNewBoardViewController.swift */ = {isa = PBXFileReference; lastKnownFileType = sourcecode.swift; path = AddNewBoardViewController.swift; sourceTree = "<group>"; };
		8EE487DE1FCD14A60091B825 /* CreateRoomViewController.swift */ = {isa = PBXFileReference; lastKnownFileType = sourcecode.swift; path = CreateRoomViewController.swift; sourceTree = "<group>"; };
		8EE487E01FCDB4C10091B825 /* MyTimer.swift */ = {isa = PBXFileReference; lastKnownFileType = sourcecode.swift; path = MyTimer.swift; sourceTree = "<group>"; };
		8EE487E41FCDB5A90091B825 /* BoardListViewController.swift */ = {isa = PBXFileReference; lastKnownFileType = sourcecode.swift; path = BoardListViewController.swift; sourceTree = "<group>"; };
		B74337791FD532EE006C64EC /* CreateRoom.storyboard */ = {isa = PBXFileReference; fileEncoding = 4; lastKnownFileType = file.storyboard; path = CreateRoom.storyboard; sourceTree = "<group>"; };
		B743377A1FD532EF006C64EC /* Home.storyboard */ = {isa = PBXFileReference; fileEncoding = 4; lastKnownFileType = file.storyboard; path = Home.storyboard; sourceTree = "<group>"; };
		B79101DE1FCD3C88003772B3 /* ConnectionModel.swift */ = {isa = PBXFileReference; lastKnownFileType = sourcecode.swift; path = ConnectionModel.swift; sourceTree = "<group>"; };
		B79101E71FCD485D003772B3 /* RoomListController.swift */ = {isa = PBXFileReference; lastKnownFileType = sourcecode.swift; path = RoomListController.swift; sourceTree = "<group>"; };
		B79102091FCE87C7003772B3 /* MiscFunctions.swift */ = {isa = PBXFileReference; lastKnownFileType = sourcecode.swift; path = MiscFunctions.swift; sourceTree = "<group>"; };
		B791020B1FCEA414003772B3 /* InitialSelection.storyboard */ = {isa = PBXFileReference; fileEncoding = 4; lastKnownFileType = file.storyboard; path = InitialSelection.storyboard; sourceTree = "<group>"; };
		B791020D1FCEACD4003772B3 /* GrouffeeTimer.swift */ = {isa = PBXFileReference; lastKnownFileType = sourcecode.swift; path = GrouffeeTimer.swift; sourceTree = "<group>"; };
		B791020F1FCF9525003772B3 /* UserModel.swift */ = {isa = PBXFileReference; lastKnownFileType = sourcecode.swift; path = UserModel.swift; sourceTree = "<group>"; };
		B79102111FCF9562003772B3 /* BoardModel.swift */ = {isa = PBXFileReference; lastKnownFileType = sourcecode.swift; path = BoardModel.swift; sourceTree = "<group>"; };
		B79102131FCF956F003772B3 /* RoomModel.swift */ = {isa = PBXFileReference; lastKnownFileType = sourcecode.swift; path = RoomModel.swift; sourceTree = "<group>"; };
		B79102331FD453C3003772B3 /* SessionModel.swift */ = {isa = PBXFileReference; lastKnownFileType = sourcecode.swift; path = SessionModel.swift; sourceTree = "<group>"; };
		B7B57DCC1FC815DF008B4C9D /* Grouffee.app */ = {isa = PBXFileReference; explicitFileType = wrapper.application; includeInIndex = 0; path = Grouffee.app; sourceTree = BUILT_PRODUCTS_DIR; };
		B7B57DCF1FC815DF008B4C9D /* AppDelegate.swift */ = {isa = PBXFileReference; lastKnownFileType = sourcecode.swift; path = AppDelegate.swift; sourceTree = "<group>"; };
		B7B57DD11FC815DF008B4C9D /* ViewController.swift */ = {isa = PBXFileReference; lastKnownFileType = sourcecode.swift; path = ViewController.swift; sourceTree = "<group>"; };
		B7B57DD41FC815DF008B4C9D /* Base */ = {isa = PBXFileReference; lastKnownFileType = file.storyboard; name = Base; path = Base.lproj/Main.storyboard; sourceTree = "<group>"; };
		B7B57DD61FC815DF008B4C9D /* Assets.xcassets */ = {isa = PBXFileReference; lastKnownFileType = folder.assetcatalog; path = Assets.xcassets; sourceTree = "<group>"; };
		B7B57DD91FC815DF008B4C9D /* Base */ = {isa = PBXFileReference; lastKnownFileType = file.storyboard; name = Base; path = Base.lproj/LaunchScreen.storyboard; sourceTree = "<group>"; };
		B7B57DDB1FC815DF008B4C9D /* Info.plist */ = {isa = PBXFileReference; lastKnownFileType = text.plist.xml; path = Info.plist; sourceTree = "<group>"; };
		B7F9FB8F1FCCFBFF0002C3C0 /* HomeViewController.swift */ = {isa = PBXFileReference; lastKnownFileType = sourcecode.swift; path = HomeViewController.swift; sourceTree = "<group>"; };
		B7F9FB9B1FCD0C920002C3C0 /* RoomList.storyboard */ = {isa = PBXFileReference; fileEncoding = 4; lastKnownFileType = file.storyboard; path = RoomList.storyboard; sourceTree = "<group>"; };
/* End PBXFileReference section */

/* Begin PBXFrameworksBuildPhase section */
		B7B57DC91FC815DF008B4C9D /* Frameworks */ = {
			isa = PBXFrameworksBuildPhase;
			buildActionMask = 2147483647;
			files = (
			);
			runOnlyForDeploymentPostprocessing = 0;
		};
/* End PBXFrameworksBuildPhase section */

/* Begin PBXGroup section */
		B760172A1FD5F4A2003CFC93 /* Lato */ = {
			isa = PBXGroup;
			children = (
				B76017131FD5F491003CFC93 /* Lato-Black.ttf */,
				B76017111FD5F491003CFC93 /* Lato-BlackItalic.ttf */,
				B76017101FD5F491003CFC93 /* Lato-Bold.ttf */,
				B76017151FD5F492003CFC93 /* Lato-BoldItalic.ttf */,
				B76017091FD5F490003CFC93 /* Lato-Hairline.ttf */,
				B760170C1FD5F490003CFC93 /* Lato-HairlineItalic.ttf */,
				B760170D1FD5F491003CFC93 /* Lato-Heavy.ttf */,
				B760170A1FD5F490003CFC93 /* Lato-HeavyItalic.ttf */,
				B76017051FD5F48F003CFC93 /* Lato-Italic.ttf */,
				B76017061FD5F490003CFC93 /* Lato-Light.ttf */,
				B76017071FD5F490003CFC93 /* Lato-LightItalic.ttf */,
				B760170F1FD5F491003CFC93 /* Lato-Medium.ttf */,
				B76017121FD5F491003CFC93 /* Lato-MediumItalic.ttf */,
				B76017141FD5F492003CFC93 /* Lato-Regular.ttf */,
				B760170E1FD5F491003CFC93 /* Lato-Semibold.ttf */,
				B760170B1FD5F490003CFC93 /* Lato-SemiboldItalic.ttf */,
				B76017081FD5F490003CFC93 /* Lato-Thin.ttf */,
				B76017041FD5F48F003CFC93 /* Lato-ThinItalic.ttf */,
			);
			path = Lato;
			sourceTree = "<group>";
		};
		B7B57DC31FC815DF008B4C9D = {
			isa = PBXGroup;
			children = (
				B7B57DCE1FC815DF008B4C9D /* Grouffee */,
				B760172A1FD5F4A2003CFC93 /* Lato */,
				B7B57DCD1FC815DF008B4C9D /* Products */,
			);
			sourceTree = "<group>";
		};
		B7B57DCD1FC815DF008B4C9D /* Products */ = {
			isa = PBXGroup;
			children = (
				B7B57DCC1FC815DF008B4C9D /* Grouffee.app */,
			);
			name = Products;
			sourceTree = "<group>";
		};
		B7B57DCE1FC815DF008B4C9D /* Grouffee */ = {
			isa = PBXGroup;
			children = (
				B79101DD1FCD3C68003772B3 /* Models */,
				B7F9FB951FCD0BFE0002C3C0 /* Storyboards */,
				B7F9FB911FCCFC090002C3C0 /* Controllers */,
				B7B57DCF1FC815DF008B4C9D /* AppDelegate.swift */,
				8EE487E01FCDB4C10091B825 /* MyTimer.swift */,
				8E447AB81FD17E6600DFCF8C /* BoardTableViewCell.swift */,
				B7B57DD11FC815DF008B4C9D /* ViewController.swift */,
				B7B57DD81FC815DF008B4C9D /* LaunchScreen.storyboard */,
				B7B57DD31FC815DF008B4C9D /* Main.storyboard */,
				B7B57DD61FC815DF008B4C9D /* Assets.xcassets */,
				B7B57DD81FC815DF008B4C9D /* LaunchScreen.storyboard */,
				B7B57DDB1FC815DF008B4C9D /* Info.plist */,
			);
			path = Grouffee;
			sourceTree = "<group>";
		};
		B7F9FB911FCCFC090002C3C0 /* Controllers */ = {
			isa = PBXGroup;
			children = (
				8E447ABA1FD1926900DFCF8C /* Board.swift */,
				8E2C06641FCFAA18006143FB /* InitialSelectionViewController.swift */,
				B7F9FB8F1FCCFBFF0002C3C0 /* HomeViewController.swift */,
				B79101E71FCD485D003772B3 /* RoomListController.swift */,
				8EE487DE1FCD14A60091B825 /* CreateRoomViewController.swift */,
				8EE487E41FCDB5A90091B825 /* BoardListViewController.swift */,
				8E447ABC1FD1A87D00DFCF8C /* AddNewBoardViewController.swift */,
			);
			path = Controllers;
			sourceTree = "<group>";
		};
		B7F9FB951FCD0BFE0002C3C0 /* Storyboards */ = {
			isa = PBXGroup;
			children = (
				B760172F1FD5F6FF003CFC93 /* CreateRoom.storyboard */,
				B76017301FD5F6FF003CFC93 /* Home.storyboard */,
				B760172D1FD5F65B003CFC93 /* BoardList.storyboard */,
				B7F9FB9B1FCD0C920002C3C0 /* RoomList.storyboard */,
				B7F9FB961FCD0C3C0002C3C0 /* InitialSelection.storyboard */,
				8E447AB61FD15DBA00DFCF8C /* AddNewBoard.storyboard */,
			);
			path = Storyboards;
			sourceTree = "<group>";
		};
/* End PBXGroup section */

/* Begin PBXNativeTarget section */
		B7B57DCB1FC815DF008B4C9D /* Grouffee */ = {
			isa = PBXNativeTarget;
			buildConfigurationList = B7B57DDE1FC815DF008B4C9D /* Build configuration list for PBXNativeTarget "Grouffee" */;
			buildPhases = (
				B7B57DC81FC815DF008B4C9D /* Sources */,
				B7B57DC91FC815DF008B4C9D /* Frameworks */,
				B7B57DCA1FC815DF008B4C9D /* Resources */,
			);
			buildRules = (
			);
			dependencies = (
			);
			name = Grouffee;
			productName = Grouffee;
			productReference = B7B57DCC1FC815DF008B4C9D /* Grouffee.app */;
			productType = "com.apple.product-type.application";
		};
/* End PBXNativeTarget section */

/* Begin PBXProject section */
		B7B57DC41FC815DF008B4C9D /* Project object */ = {
			isa = PBXProject;
			attributes = {
				LastSwiftUpdateCheck = 0910;
				LastUpgradeCheck = 0910;
				ORGANIZATIONNAME = "Communication iOS Foundation Batch 4";
				TargetAttributes = {
					B7B57DCB1FC815DF008B4C9D = {
						CreatedOnToolsVersion = 9.1;
						ProvisioningStyle = Automatic;
						SystemCapabilities = {
							com.apple.BackgroundModes = {
								enabled = 1;
							};
						};
					};
				};
			};
			buildConfigurationList = B7B57DC71FC815DF008B4C9D /* Build configuration list for PBXProject "Grouffee" */;
			compatibilityVersion = "Xcode 8.0";
			developmentRegion = en;
			hasScannedForEncodings = 0;
			knownRegions = (
				en,
				Base,
			);
			mainGroup = B7B57DC31FC815DF008B4C9D;
			productRefGroup = B7B57DCD1FC815DF008B4C9D /* Products */;
			projectDirPath = "";
			projectRoot = "";
			targets = (
				B7B57DCB1FC815DF008B4C9D /* Grouffee */,
			);
		};
/* End PBXProject section */

/* Begin PBXResourcesBuildPhase section */
		B7B57DCA1FC815DF008B4C9D /* Resources */ = {
			isa = PBXResourcesBuildPhase;
			buildActionMask = 2147483647;
			files = (
				B76017311FD5F6FF003CFC93 /* CreateRoom.storyboard in Resources */,
				B76017321FD5F6FF003CFC93 /* Home.storyboard in Resources */,
				B760172E1FD5F65B003CFC93 /* BoardList.storyboard in Resources */,
				B76017171FD5F492003CFC93 /* Lato-ThinItalic.ttf in Resources */,
				B76017181FD5F492003CFC93 /* Lato-Italic.ttf in Resources */,
				B76017191FD5F492003CFC93 /* Lato-Light.ttf in Resources */,
				B760171A1FD5F492003CFC93 /* Lato-LightItalic.ttf in Resources */,
				B760171B1FD5F492003CFC93 /* Lato-Thin.ttf in Resources */,
				B760171C1FD5F492003CFC93 /* Lato-Hairline.ttf in Resources */,
				B760171D1FD5F492003CFC93 /* Lato-HeavyItalic.ttf in Resources */,
				B760171E1FD5F492003CFC93 /* Lato-SemiboldItalic.ttf in Resources */,
				B760171F1FD5F492003CFC93 /* Lato-HairlineItalic.ttf in Resources */,
				B76017201FD5F492003CFC93 /* Lato-Heavy.ttf in Resources */,
				B76017211FD5F492003CFC93 /* Lato-Semibold.ttf in Resources */,
				B76017221FD5F492003CFC93 /* Lato-Medium.ttf in Resources */,
				B76017231FD5F492003CFC93 /* Lato-Bold.ttf in Resources */,
				B76017241FD5F492003CFC93 /* Lato-BlackItalic.ttf in Resources */,
				B76017251FD5F492003CFC93 /* Lato-MediumItalic.ttf in Resources */,
				B76017261FD5F492003CFC93 /* Lato-Black.ttf in Resources */,
				B76017271FD5F492003CFC93 /* Lato-Regular.ttf in Resources */,
				B76017281FD5F492003CFC93 /* Lato-BoldItalic.ttf in Resources */,
				B7B57DDA1FC815DF008B4C9D /* LaunchScreen.storyboard in Resources */,
				B7F8F9131FD53611005C2453 /* LaunchScreen.storyboard in Resources */,
				B7F8F9121FD5360A005C2453 /* Main.storyboard in Resources */,
				B7F8F9111FD535FD005C2453 /* InitialSelection.storyboard in Resources */,
				B7B57DD71FC815DF008B4C9D /* Assets.xcassets in Resources */,
				B743377C1FD532EF006C64EC /* Home.storyboard in Resources */,
				B7F9FB9C1FCD0C920002C3C0 /* RoomList.storyboard in Resources */,
				B743377B1FD532EF006C64EC /* CreateRoom.storyboard in Resources */,
				8EE487E31FCDB5060091B825 /* BoardList.storyboard in Resources */,
			);
			runOnlyForDeploymentPostprocessing = 0;
		};
/* End PBXResourcesBuildPhase section */

/* Begin PBXSourcesBuildPhase section */
		B7B57DC81FC815DF008B4C9D /* Sources */ = {
			isa = PBXSourcesBuildPhase;
			buildActionMask = 2147483647;
			files = (
				B79102141FCF956F003772B3 /* RoomModel.swift in Sources */,
				B79101E81FCD485D003772B3 /* RoomListController.swift in Sources */,
				B791020A1FCE87C7003772B3 /* MiscFunctions.swift in Sources */,
				B7B57DD21FC815DF008B4C9D /* ViewController.swift in Sources */,
				B79101DF1FCD3C88003772B3 /* ConnectionModel.swift in Sources */,
				8EE487DF1FCD14A60091B825 /* CreateRoomViewController.swift in Sources */,
				8E447ABB1FD1926900DFCF8C /* Board.swift in Sources */,
				B791020E1FCEACD4003772B3 /* GrouffeeTimer.swift in Sources */,
				B7B57DD01FC815DF008B4C9D /* AppDelegate.swift in Sources */,
				8EE487E11FCDB4C10091B825 /* MyTimer.swift in Sources */,
				B7F9FB901FCCFBFF0002C3C0 /* HomeViewController.swift in Sources */,
				8E2C06651FCFAA18006143FB /* InitialSelectionViewController.swift in Sources */,
				8E447AB91FD17E6600DFCF8C /* BoardTableViewCell.swift in Sources */,
				8E447ABD1FD1A87D00DFCF8C /* AddNewBoardViewController.swift in Sources */,
				B79102101FCF9525003772B3 /* UserModel.swift in Sources */,
				B79102121FCF9562003772B3 /* BoardModel.swift in Sources */,
				8EE487E51FCDB5A90091B825 /* BoardListViewController.swift in Sources */,
				B79102341FD453C3003772B3 /* SessionModel.swift in Sources */,
			);
			runOnlyForDeploymentPostprocessing = 0;
		};
/* End PBXSourcesBuildPhase section */

/* Begin PBXVariantGroup section */
		B7B57DD31FC815DF008B4C9D /* Main.storyboard */ = {
			isa = PBXVariantGroup;
			children = (
				B7B57DD41FC815DF008B4C9D /* Base */,
			);
			name = Main.storyboard;
			sourceTree = "<group>";
		};
		B7B57DD81FC815DF008B4C9D /* LaunchScreen.storyboard */ = {
			isa = PBXVariantGroup;
			children = (
				B7B57DD91FC815DF008B4C9D /* Base */,
			);
			name = LaunchScreen.storyboard;
			sourceTree = "<group>";
		};
/* End PBXVariantGroup section */

/* Begin XCBuildConfiguration section */
		B7B57DDC1FC815DF008B4C9D /* Debug */ = {
			isa = XCBuildConfiguration;
			buildSettings = {
				ALWAYS_SEARCH_USER_PATHS = NO;
				CLANG_ANALYZER_NONNULL = YES;
				CLANG_ANALYZER_NUMBER_OBJECT_CONVERSION = YES_AGGRESSIVE;
				CLANG_CXX_LANGUAGE_STANDARD = "gnu++14";
				CLANG_CXX_LIBRARY = "libc++";
				CLANG_ENABLE_MODULES = YES;
				CLANG_ENABLE_OBJC_ARC = YES;
				CLANG_WARN_BLOCK_CAPTURE_AUTORELEASING = YES;
				CLANG_WARN_BOOL_CONVERSION = YES;
				CLANG_WARN_COMMA = YES;
				CLANG_WARN_CONSTANT_CONVERSION = YES;
				CLANG_WARN_DIRECT_OBJC_ISA_USAGE = YES_ERROR;
				CLANG_WARN_DOCUMENTATION_COMMENTS = YES;
				CLANG_WARN_EMPTY_BODY = YES;
				CLANG_WARN_ENUM_CONVERSION = YES;
				CLANG_WARN_INFINITE_RECURSION = YES;
				CLANG_WARN_INT_CONVERSION = YES;
				CLANG_WARN_NON_LITERAL_NULL_CONVERSION = YES;
				CLANG_WARN_OBJC_LITERAL_CONVERSION = YES;
				CLANG_WARN_OBJC_ROOT_CLASS = YES_ERROR;
				CLANG_WARN_RANGE_LOOP_ANALYSIS = YES;
				CLANG_WARN_STRICT_PROTOTYPES = YES;
				CLANG_WARN_SUSPICIOUS_MOVE = YES;
				CLANG_WARN_UNGUARDED_AVAILABILITY = YES_AGGRESSIVE;
				CLANG_WARN_UNREACHABLE_CODE = YES;
				CLANG_WARN__DUPLICATE_METHOD_MATCH = YES;
				CODE_SIGN_IDENTITY = "iPhone Developer";
				COPY_PHASE_STRIP = NO;
				DEBUG_INFORMATION_FORMAT = dwarf;
				ENABLE_STRICT_OBJC_MSGSEND = YES;
				ENABLE_TESTABILITY = YES;
				GCC_C_LANGUAGE_STANDARD = gnu11;
				GCC_DYNAMIC_NO_PIC = NO;
				GCC_NO_COMMON_BLOCKS = YES;
				GCC_OPTIMIZATION_LEVEL = 0;
				GCC_PREPROCESSOR_DEFINITIONS = (
					"DEBUG=1",
					"$(inherited)",
				);
				GCC_WARN_64_TO_32_BIT_CONVERSION = YES;
				GCC_WARN_ABOUT_RETURN_TYPE = YES_ERROR;
				GCC_WARN_UNDECLARED_SELECTOR = YES;
				GCC_WARN_UNINITIALIZED_AUTOS = YES_AGGRESSIVE;
				GCC_WARN_UNUSED_FUNCTION = YES;
				GCC_WARN_UNUSED_VARIABLE = YES;
				IPHONEOS_DEPLOYMENT_TARGET = 11.1;
				MTL_ENABLE_DEBUG_INFO = YES;
				ONLY_ACTIVE_ARCH = YES;
				SDKROOT = iphoneos;
				SWIFT_ACTIVE_COMPILATION_CONDITIONS = DEBUG;
				SWIFT_OPTIMIZATION_LEVEL = "-Onone";
			};
			name = Debug;
		};
		B7B57DDD1FC815DF008B4C9D /* Release */ = {
			isa = XCBuildConfiguration;
			buildSettings = {
				ALWAYS_SEARCH_USER_PATHS = NO;
				CLANG_ANALYZER_NONNULL = YES;
				CLANG_ANALYZER_NUMBER_OBJECT_CONVERSION = YES_AGGRESSIVE;
				CLANG_CXX_LANGUAGE_STANDARD = "gnu++14";
				CLANG_CXX_LIBRARY = "libc++";
				CLANG_ENABLE_MODULES = YES;
				CLANG_ENABLE_OBJC_ARC = YES;
				CLANG_WARN_BLOCK_CAPTURE_AUTORELEASING = YES;
				CLANG_WARN_BOOL_CONVERSION = YES;
				CLANG_WARN_COMMA = YES;
				CLANG_WARN_CONSTANT_CONVERSION = YES;
				CLANG_WARN_DIRECT_OBJC_ISA_USAGE = YES_ERROR;
				CLANG_WARN_DOCUMENTATION_COMMENTS = YES;
				CLANG_WARN_EMPTY_BODY = YES;
				CLANG_WARN_ENUM_CONVERSION = YES;
				CLANG_WARN_INFINITE_RECURSION = YES;
				CLANG_WARN_INT_CONVERSION = YES;
				CLANG_WARN_NON_LITERAL_NULL_CONVERSION = YES;
				CLANG_WARN_OBJC_LITERAL_CONVERSION = YES;
				CLANG_WARN_OBJC_ROOT_CLASS = YES_ERROR;
				CLANG_WARN_RANGE_LOOP_ANALYSIS = YES;
				CLANG_WARN_STRICT_PROTOTYPES = YES;
				CLANG_WARN_SUSPICIOUS_MOVE = YES;
				CLANG_WARN_UNGUARDED_AVAILABILITY = YES_AGGRESSIVE;
				CLANG_WARN_UNREACHABLE_CODE = YES;
				CLANG_WARN__DUPLICATE_METHOD_MATCH = YES;
				CODE_SIGN_IDENTITY = "iPhone Developer";
				COPY_PHASE_STRIP = NO;
				DEBUG_INFORMATION_FORMAT = "dwarf-with-dsym";
				ENABLE_NS_ASSERTIONS = NO;
				ENABLE_STRICT_OBJC_MSGSEND = YES;
				GCC_C_LANGUAGE_STANDARD = gnu11;
				GCC_NO_COMMON_BLOCKS = YES;
				GCC_WARN_64_TO_32_BIT_CONVERSION = YES;
				GCC_WARN_ABOUT_RETURN_TYPE = YES_ERROR;
				GCC_WARN_UNDECLARED_SELECTOR = YES;
				GCC_WARN_UNINITIALIZED_AUTOS = YES_AGGRESSIVE;
				GCC_WARN_UNUSED_FUNCTION = YES;
				GCC_WARN_UNUSED_VARIABLE = YES;
				IPHONEOS_DEPLOYMENT_TARGET = 11.1;
				MTL_ENABLE_DEBUG_INFO = NO;
				SDKROOT = iphoneos;
				SWIFT_OPTIMIZATION_LEVEL = "-Owholemodule";
				VALIDATE_PRODUCT = YES;
			};
			name = Release;
		};
		B7B57DDF1FC815DF008B4C9D /* Debug */ = {
			isa = XCBuildConfiguration;
			buildSettings = {
				ASSETCATALOG_COMPILER_APPICON_NAME = AppIcon;
				CODE_SIGN_STYLE = Automatic;
				DEVELOPMENT_TEAM = SU9SZALD7M;
				INFOPLIST_FILE = Grouffee/Info.plist;
				LD_RUNPATH_SEARCH_PATHS = "$(inherited) @executable_path/Frameworks";
				PRODUCT_BUNDLE_IDENTIFIER = edu.binus.Grouffee;
				PRODUCT_NAME = "$(TARGET_NAME)";
				SWIFT_VERSION = 4.0;
				TARGETED_DEVICE_FAMILY = "1,2";
			};
			name = Debug;
		};
		B7B57DE01FC815DF008B4C9D /* Release */ = {
			isa = XCBuildConfiguration;
			buildSettings = {
				ASSETCATALOG_COMPILER_APPICON_NAME = AppIcon;
				CODE_SIGN_STYLE = Automatic;
				DEVELOPMENT_TEAM = SU9SZALD7M;
				INFOPLIST_FILE = Grouffee/Info.plist;
				LD_RUNPATH_SEARCH_PATHS = "$(inherited) @executable_path/Frameworks";
				PRODUCT_BUNDLE_IDENTIFIER = edu.binus.Grouffee;
				PRODUCT_NAME = "$(TARGET_NAME)";
				SWIFT_VERSION = 4.0;
				TARGETED_DEVICE_FAMILY = "1,2";
			};
			name = Release;
		};
/* End XCBuildConfiguration section */

/* Begin XCConfigurationList section */
		B7B57DC71FC815DF008B4C9D /* Build configuration list for PBXProject "Grouffee" */ = {
			isa = XCConfigurationList;
			buildConfigurations = (
				B7B57DDC1FC815DF008B4C9D /* Debug */,
				B7B57DDD1FC815DF008B4C9D /* Release */,
			);
			defaultConfigurationIsVisible = 0;
			defaultConfigurationName = Release;
		};
		B7B57DDE1FC815DF008B4C9D /* Build configuration list for PBXNativeTarget "Grouffee" */ = {
			isa = XCConfigurationList;
			buildConfigurations = (
				B7B57DDF1FC815DF008B4C9D /* Debug */,
				B7B57DE01FC815DF008B4C9D /* Release */,
			);
			defaultConfigurationIsVisible = 0;
			defaultConfigurationName = Release;
		};
/* End XCConfigurationList section */
	};
	rootObject = B7B57DC41FC815DF008B4C9D /* Project object */;
}
